
Microsoft Visual Studio Solution File, Format Version 12.00
# Visual Studio Version 16
VisualStudioVersion = 16.0.31613.86
MinimumVisualStudioVersion = 10.0.40219.1
Project("{FAE04EC0-301F-11D3-BF4B-00C04F79EFBC}") = "Calculator", "Calculator\Calculator.csproj", "{2E49270B-B76B-419E-B0D3-0F01352360F5}"
EndProject
Global
	GlobalSection(SolutionConfigurationPlatforms) = preSolution
		Debug|Any CPU = Debug|Any CPU
		Release|Any CPU = Release|Any CPU
	EndGlobalSection
	GlobalSection(ProjectConfigurationPlatforms) = postSolution
		{2E49270B-B76B-419E-B0D3-0F01352360F5}.Debug|Any CPU.ActiveCfg = Debug|Any CPU
		{2E49270B-B76B-419E-B0D3-0F01352360F5}.Debug|Any CPU.Build.0 = Debug|Any CPU
		{2E49270B-B76B-419E-B0D3-0F01352360F5}.Release|Any CPU.ActiveCfg = Release|Any CPU
		{2E49270B-B76B-419E-B0D3-0F01352360F5}.Release|Any CPU.Build.0 = Release|Any CPU
	EndGlobalSection
	GlobalSection(SolutionProperties) = preSolution
		HideSolutionNode = FALSE
	EndGlobalSection
	GlobalSection(ExtensibilityGlobals) = postSolution
		SolutionGuid = {ACCFB942-6054-41BC-9059-7A4474ABBBEE}
	EndGlobalSection
EndGlobal
